
Microsoft Visual Studio Solution File, Format Version 12.00
# Visual Studio Version 16
VisualStudioVersion = 16.6.30114.105
MinimumVisualStudioVersion = 10.0.40219.1
Project("{2150E333-8FDC-42A3-9474-1A3956D46DE8}") = "src", "src", "{2B9230F3-5FA3-4D13-8900-673EC9C0B189}"
EndProject
Project("{F2A71F9B-5D33-465A-A702-920D77279786}") = "WebAPI", "src\App\WebAPI.fsproj", "{89ED2741-F7C8-4584-B59B-9D868B4C0E6F}"
EndProject
Project("{F2A71F9B-5D33-465A-A702-920D77279786}") = "Framework", "src\Framework\Framework.fsproj", "{835CAF66-57E4-4F1B-97C2-B6A3766AED7E}"
EndProject
Global
	GlobalSection(SolutionConfigurationPlatforms) = preSolution
		Debug|Any CPU = Debug|Any CPU
		Debug|x64 = Debug|x64
		Debug|x86 = Debug|x86
		Release|Any CPU = Release|Any CPU
		Release|x64 = Release|x64
		Release|x86 = Release|x86
	EndGlobalSection
	GlobalSection(SolutionProperties) = preSolution
		HideSolutionNode = FALSE
	EndGlobalSection
	GlobalSection(ProjectConfigurationPlatforms) = postSolution
		{89ED2741-F7C8-4584-B59B-9D868B4C0E6F}.Debug|Any CPU.ActiveCfg = Debug|Any CPU
		{89ED2741-F7C8-4584-B59B-9D868B4C0E6F}.Debug|Any CPU.Build.0 = Debug|Any CPU
		{89ED2741-F7C8-4584-B59B-9D868B4C0E6F}.Debug|x64.ActiveCfg = Debug|Any CPU
		{89ED2741-F7C8-4584-B59B-9D868B4C0E6F}.Debug|x64.Build.0 = Debug|Any CPU
		{89ED2741-F7C8-4584-B59B-9D868B4C0E6F}.Debug|x86.ActiveCfg = Debug|Any CPU
		{89ED2741-F7C8-4584-B59B-9D868B4C0E6F}.Debug|x86.Build.0 = Debug|Any CPU
		{89ED2741-F7C8-4584-B59B-9D868B4C0E6F}.Release|Any CPU.ActiveCfg = Release|Any CPU
		{89ED2741-F7C8-4584-B59B-9D868B4C0E6F}.Release|Any CPU.Build.0 = Release|Any CPU
		{89ED2741-F7C8-4584-B59B-9D868B4C0E6F}.Release|x64.ActiveCfg = Release|Any CPU
		{89ED2741-F7C8-4584-B59B-9D868B4C0E6F}.Release|x64.Build.0 = Release|Any CPU
		{89ED2741-F7C8-4584-B59B-9D868B4C0E6F}.Release|x86.ActiveCfg = Release|Any CPU
		{89ED2741-F7C8-4584-B59B-9D868B4C0E6F}.Release|x86.Build.0 = Release|Any CPU
		{835CAF66-57E4-4F1B-97C2-B6A3766AED7E}.Debug|Any CPU.ActiveCfg = Debug|Any CPU
		{835CAF66-57E4-4F1B-97C2-B6A3766AED7E}.Debug|Any CPU.Build.0 = Debug|Any CPU
		{835CAF66-57E4-4F1B-97C2-B6A3766AED7E}.Debug|x64.ActiveCfg = Debug|Any CPU
		{835CAF66-57E4-4F1B-97C2-B6A3766AED7E}.Debug|x64.Build.0 = Debug|Any CPU
		{835CAF66-57E4-4F1B-97C2-B6A3766AED7E}.Debug|x86.ActiveCfg = Debug|Any CPU
		{835CAF66-57E4-4F1B-97C2-B6A3766AED7E}.Debug|x86.Build.0 = Debug|Any CPU
		{835CAF66-57E4-4F1B-97C2-B6A3766AED7E}.Release|Any CPU.ActiveCfg = Release|Any CPU
		{835CAF66-57E4-4F1B-97C2-B6A3766AED7E}.Release|Any CPU.Build.0 = Release|Any CPU
		{835CAF66-57E4-4F1B-97C2-B6A3766AED7E}.Release|x64.ActiveCfg = Release|Any CPU
		{835CAF66-57E4-4F1B-97C2-B6A3766AED7E}.Release|x64.Build.0 = Release|Any CPU
		{835CAF66-57E4-4F1B-97C2-B6A3766AED7E}.Release|x86.ActiveCfg = Release|Any CPU
		{835CAF66-57E4-4F1B-97C2-B6A3766AED7E}.Release|x86.Build.0 = Release|Any CPU
	EndGlobalSection
	GlobalSection(NestedProjects) = preSolution
		{89ED2741-F7C8-4584-B59B-9D868B4C0E6F} = {2B9230F3-5FA3-4D13-8900-673EC9C0B189}
		{835CAF66-57E4-4F1B-97C2-B6A3766AED7E} = {2B9230F3-5FA3-4D13-8900-673EC9C0B189}
	EndGlobalSection
EndGlobal
